
Microsoft Visual Studio Solution File, Format Version 12.00
# Visual Studio 2012
Project("{FAE04EC0-301F-11D3-BF4B-00C04F79EFBC}") = "WebSimuladorRH", "WebSimuladorRH\WebSimuladorRH.csproj", "{1BB71C6C-AC85-4A32-9E58-DA0F36C30488}"
EndProject
Project("{FAE04EC0-301F-11D3-BF4B-00C04F79EFBC}") = "Orcamento.Test", "Orcamento.Test\Orcamento.Test.csproj", "{4A1D6955-43E3-4A09-BE4B-B21C6653B8FD}"
EndProject
Project("{FAE04EC0-301F-11D3-BF4B-00C04F79EFBC}") = "Orcamento.Domain", "Orcamento.Domain\Orcamento.Domain.csproj", "{66D21D9A-DD04-4BD5-8BA4-A45BE3B7F44C}"
EndProject
Project("{FAE04EC0-301F-11D3-BF4B-00C04F79EFBC}") = "Orcamento.InfraStructure", "Orcamento.InfraStructure\Orcamento.InfraStructure.csproj", "{9F07C30D-C5D9-4E10-8DAE-7E3FB9485450}"
EndProject
Project("{FAE04EC0-301F-11D3-BF4B-00C04F79EFBC}") = "Orcamento.Controller", "Orcamento.Controller\Orcamento.Controller.csproj", "{701515A0-20B7-4565-AF31-AD2DF93CD465}"
EndProject
Project("{FAE04EC0-301F-11D3-BF4B-00C04F79EFBC}") = "Orcamento.Test.Regressao", "Orcamento.Test.Regressao\Orcamento.Test.Regressao.csproj", "{697E988B-A018-4A44-85A4-C8B747942E33}"
EndProject
Global
	GlobalSection(SolutionConfigurationPlatforms) = preSolution
		Debug|Any CPU = Debug|Any CPU
		Debug|Itanium = Debug|Itanium
		Debug|x86 = Debug|x86
		Release|Any CPU = Release|Any CPU
		Release|Itanium = Release|Itanium
		Release|x86 = Release|x86
	EndGlobalSection
	GlobalSection(ProjectConfigurationPlatforms) = postSolution
		{1BB71C6C-AC85-4A32-9E58-DA0F36C30488}.Debug|Any CPU.ActiveCfg = Debug|Any CPU
		{1BB71C6C-AC85-4A32-9E58-DA0F36C30488}.Debug|Any CPU.Build.0 = Debug|Any CPU
		{1BB71C6C-AC85-4A32-9E58-DA0F36C30488}.Debug|Itanium.ActiveCfg = Debug|Any CPU
		{1BB71C6C-AC85-4A32-9E58-DA0F36C30488}.Debug|Itanium.Build.0 = Debug|Any CPU
		{1BB71C6C-AC85-4A32-9E58-DA0F36C30488}.Debug|x86.ActiveCfg = Debug|x86
		{1BB71C6C-AC85-4A32-9E58-DA0F36C30488}.Debug|x86.Build.0 = Debug|x86
		{1BB71C6C-AC85-4A32-9E58-DA0F36C30488}.Release|Any CPU.ActiveCfg = Release|Any CPU
		{1BB71C6C-AC85-4A32-9E58-DA0F36C30488}.Release|Any CPU.Build.0 = Release|Any CPU
		{1BB71C6C-AC85-4A32-9E58-DA0F36C30488}.Release|Itanium.ActiveCfg = Release|Any CPU
		{1BB71C6C-AC85-4A32-9E58-DA0F36C30488}.Release|x86.ActiveCfg = Release|x86
		{4A1D6955-43E3-4A09-BE4B-B21C6653B8FD}.Debug|Any CPU.ActiveCfg = Debug|Any CPU
		{4A1D6955-43E3-4A09-BE4B-B21C6653B8FD}.Debug|Any CPU.Build.0 = Debug|Any CPU
		{4A1D6955-43E3-4A09-BE4B-B21C6653B8FD}.Debug|Itanium.ActiveCfg = Debug|Any CPU
		{4A1D6955-43E3-4A09-BE4B-B21C6653B8FD}.Debug|Itanium.Build.0 = Debug|Any CPU
		{4A1D6955-43E3-4A09-BE4B-B21C6653B8FD}.Debug|x86.ActiveCfg = Debug|x86
		{4A1D6955-43E3-4A09-BE4B-B21C6653B8FD}.Debug|x86.Build.0 = Debug|x86
		{4A1D6955-43E3-4A09-BE4B-B21C6653B8FD}.Release|Any CPU.ActiveCfg = Release|Any CPU
		{4A1D6955-43E3-4A09-BE4B-B21C6653B8FD}.Release|Any CPU.Build.0 = Release|Any CPU
		{4A1D6955-43E3-4A09-BE4B-B21C6653B8FD}.Release|Itanium.ActiveCfg = Release|Itanium
		{4A1D6955-43E3-4A09-BE4B-B21C6653B8FD}.Release|Itanium.Build.0 = Release|Itanium
		{4A1D6955-43E3-4A09-BE4B-B21C6653B8FD}.Release|x86.ActiveCfg = Release|x86
		{4A1D6955-43E3-4A09-BE4B-B21C6653B8FD}.Release|x86.Build.0 = Release|x86
		{66D21D9A-DD04-4BD5-8BA4-A45BE3B7F44C}.Debug|Any CPU.ActiveCfg = Debug|Any CPU
		{66D21D9A-DD04-4BD5-8BA4-A45BE3B7F44C}.Debug|Any CPU.Build.0 = Debug|Any CPU
		{66D21D9A-DD04-4BD5-8BA4-A45BE3B7F44C}.Debug|Itanium.ActiveCfg = Debug|Any CPU
		{66D21D9A-DD04-4BD5-8BA4-A45BE3B7F44C}.Debug|Itanium.Build.0 = Debug|Any CPU
		{66D21D9A-DD04-4BD5-8BA4-A45BE3B7F44C}.Debug|x86.ActiveCfg = Debug|x86
		{66D21D9A-DD04-4BD5-8BA4-A45BE3B7F44C}.Debug|x86.Build.0 = Debug|x86
		{66D21D9A-DD04-4BD5-8BA4-A45BE3B7F44C}.Release|Any CPU.ActiveCfg = Release|Any CPU
		{66D21D9A-DD04-4BD5-8BA4-A45BE3B7F44C}.Release|Any CPU.Build.0 = Release|Any CPU
		{66D21D9A-DD04-4BD5-8BA4-A45BE3B7F44C}.Release|Itanium.ActiveCfg = Release|Any CPU
		{66D21D9A-DD04-4BD5-8BA4-A45BE3B7F44C}.Release|x86.ActiveCfg = Release|x86
		{9F07C30D-C5D9-4E10-8DAE-7E3FB9485450}.Debug|Any CPU.ActiveCfg = Debug|Any CPU
		{9F07C30D-C5D9-4E10-8DAE-7E3FB9485450}.Debug|Any CPU.Build.0 = Debug|Any CPU
		{9F07C30D-C5D9-4E10-8DAE-7E3FB9485450}.Debug|Itanium.ActiveCfg = Debug|Any CPU
		{9F07C30D-C5D9-4E10-8DAE-7E3FB9485450}.Debug|Itanium.Build.0 = Debug|Any CPU
		{9F07C30D-C5D9-4E10-8DAE-7E3FB9485450}.Debug|x86.ActiveCfg = Debug|x86
		{9F07C30D-C5D9-4E10-8DAE-7E3FB9485450}.Debug|x86.Build.0 = Debug|x86
		{9F07C30D-C5D9-4E10-8DAE-7E3FB9485450}.Release|Any CPU.ActiveCfg = Release|Any CPU
		{9F07C30D-C5D9-4E10-8DAE-7E3FB9485450}.Release|Any CPU.Build.0 = Release|Any CPU
		{9F07C30D-C5D9-4E10-8DAE-7E3FB9485450}.Release|Itanium.ActiveCfg = Release|Any CPU
		{9F07C30D-C5D9-4E10-8DAE-7E3FB9485450}.Release|x86.ActiveCfg = Release|x86
		{701515A0-20B7-4565-AF31-AD2DF93CD465}.Debug|Any CPU.ActiveCfg = Debug|Any CPU
		{701515A0-20B7-4565-AF31-AD2DF93CD465}.Debug|Any CPU.Build.0 = Debug|Any CPU
		{701515A0-20B7-4565-AF31-AD2DF93CD465}.Debug|Itanium.ActiveCfg = Debug|Any CPU
		{701515A0-20B7-4565-AF31-AD2DF93CD465}.Debug|Itanium.Build.0 = Debug|Any CPU
		{701515A0-20B7-4565-AF31-AD2DF93CD465}.Debug|x86.ActiveCfg = Debug|x86
		{701515A0-20B7-4565-AF31-AD2DF93CD465}.Debug|x86.Build.0 = Debug|x86
		{701515A0-20B7-4565-AF31-AD2DF93CD465}.Release|Any CPU.ActiveCfg = Release|Any CPU
		{701515A0-20B7-4565-AF31-AD2DF93CD465}.Release|Any CPU.Build.0 = Release|Any CPU
		{701515A0-20B7-4565-AF31-AD2DF93CD465}.Release|Itanium.ActiveCfg = Release|Any CPU
		{701515A0-20B7-4565-AF31-AD2DF93CD465}.Release|x86.ActiveCfg = Release|x86
		{697E988B-A018-4A44-85A4-C8B747942E33}.Debug|Any CPU.ActiveCfg = Debug|Any CPU
		{697E988B-A018-4A44-85A4-C8B747942E33}.Debug|Any CPU.Build.0 = Debug|Any CPU
		{697E988B-A018-4A44-85A4-C8B747942E33}.Debug|Itanium.ActiveCfg = Debug|Any CPU
		{697E988B-A018-4A44-85A4-C8B747942E33}.Debug|x86.ActiveCfg = Debug|x86
		{697E988B-A018-4A44-85A4-C8B747942E33}.Debug|x86.Build.0 = Debug|x86
		{697E988B-A018-4A44-85A4-C8B747942E33}.Release|Any CPU.ActiveCfg = Release|Any CPU
		{697E988B-A018-4A44-85A4-C8B747942E33}.Release|Any CPU.Build.0 = Release|Any CPU
		{697E988B-A018-4A44-85A4-C8B747942E33}.Release|Itanium.ActiveCfg = Release|Any CPU
		{697E988B-A018-4A44-85A4-C8B747942E33}.Release|x86.ActiveCfg = Release|x86
	EndGlobalSection
	GlobalSection(SolutionProperties) = preSolution
		HideSolutionNode = FALSE
	EndGlobalSection
EndGlobal
